<?xml version="1.0" encoding="utf-8"?>
<Project ToolsVersion="4.0" xmlns="http://schemas.microsoft.com/developer/msbuild/2003">
  <ItemGroup>
    <Filter Include="Source Files">
      <UniqueIdentifier>{4FC737F1-C7A5-4376-A066-2A32D752A2FF}</UniqueIdentifier>
      <Extensions>cpp;c;cc;cxx;def;odl;idl;hpj;bat;asm;asmx</Extensions>
    </Filter>
    <Filter Include="Header Files">
      <UniqueIdentifier>{93995380-89BD-4b04-88EB-625FBE52EBFB}</UniqueIdentifier>
      <Extensions>h;hpp;hxx;hm;inl;inc;xsd</Extensions>
    </Filter>
    <Filter Include="Resource Files">
      <UniqueIdentifier>{67DA6AB6-F800-4c08-8B7A-83BB121AAD01}</UniqueIdentifier>
      <Extensions>rc;ico;cur;bmp;dlg;rc2;rct;bin;rgs;gif;jpg;jpeg;jpe;resx;tiff;tif;png;wav</Extensions>
    </Filter>
    <Filter Include="WMPImport">
      <UniqueIdentifier>{a722dfc7-5c8a-45e7-a714-6fd82e669fc6}</UniqueIdentifier>
    </Filter>
  </ItemGroup>
  <ItemGroup>
    <ClCompile Include="AboutDlg.cpp">
      <Filter>Source Files</Filter>
    </ClCompile>
    <ClCompile Include="ActionHelper.cpp">
      <Filter>Source Files</Filter>
    </ClCompile>
    <ClCompile Include="AnySplitTTDlg.cpp">
      <Filter>Source Files</Filter>
    </ClCompile>
    <ClCompile Include="CheckHdrCtrl.cpp">
      <Filter>Source Files</Filter>
    </ClCompile>
    <ClCompile Include="CheckListCtrl.cpp">
      <Filter>Source Files</Filter>
    </ClCompile>
    <ClCompile Include="CheckValidDlg.cpp">
      <Filter>Source Files</Filter>
    </ClCompile>
    <ClCompile Include="ChildFrm.cpp">
      <Filter>Source Files</Filter>
    </ClCompile>
    <ClCompile Include="ClrButton.cpp">
      <Filter>Source Files</Filter>
    </ClCompile>
    <ClCompile Include="ClrListCtrl.cpp">
      <Filter>Source Files</Filter>
    </ClCompile>
    <ClCompile Include="CombineFromToDlg.cpp">
      <Filter>Source Files</Filter>
    </ClCompile>
    <ClCompile Include="CombineTitleByTimeDlg.cpp">
      <Filter>Source Files</Filter>
    </ClCompile>
    <ClCompile Include="CombinTitleTransDlg.cpp">
      <Filter>Source Files</Filter>
    </ClCompile>
    <ClCompile Include="CompareTitleDlg.cpp">
      <Filter>Source Files</Filter>
    </ClCompile>
    <ClCompile Include="CompareTitleListCtrl.cpp">
      <Filter>Source Files</Filter>
    </ClCompile>
    <ClCompile Include="CPSelDlg.cpp">
      <Filter>Source Files</Filter>
    </ClCompile>
    <ClCompile Include="ExportOptionDlg.cpp">
      <Filter>Source Files</Filter>
    </ClCompile>
    <ClCompile Include="ImportOptionsDlg.cpp">
      <Filter>Source Files</Filter>
    </ClCompile>
    <ClCompile Include="InputExtraTimeDlg.cpp">
      <Filter>Source Files</Filter>
    </ClCompile>
    <ClCompile Include="InputTimeOffsetDlg.cpp">
      <Filter>Source Files</Filter>
    </ClCompile>
    <ClCompile Include="InsertCountDlg.cpp">
      <Filter>Source Files</Filter>
    </ClCompile>
    <ClCompile Include="InsertIntervalDlg.cpp">
      <Filter>Source Files</Filter>
    </ClCompile>
    <ClCompile Include="MainFrm.cpp">
      <Filter>Source Files</Filter>
    </ClCompile>
    <ClCompile Include="MinIntervalSettingDlg.cpp">
      <Filter>Source Files</Filter>
    </ClCompile>
    <ClCompile Include="MLListView.cpp">
      <Filter>Source Files</Filter>
    </ClCompile>
    <ClCompile Include="MultiReplaceDlg.cpp">
      <Filter>Source Files</Filter>
    </ClCompile>
    <ClCompile Include="PropertiesWnd.cpp">
      <Filter>Source Files</Filter>
    </ClCompile>
    <ClCompile Include="SaveOptionPage.cpp">
      <Filter>Source Files</Filter>
    </ClCompile>
    <ClCompile Include="ShortTaskPane.cpp">
      <Filter>Source Files</Filter>
    </ClCompile>
    <ClCompile Include="SplitNumDlg.cpp">
      <Filter>Source Files</Filter>
    </ClCompile>
    <ClCompile Include="SSASettings.cpp">
      <Filter>Source Files</Filter>
    </ClCompile>
    <ClCompile Include="StateTitleListCtrl.cpp">
      <Filter>Source Files</Filter>
    </ClCompile>
    <ClCompile Include="stdafx.cpp">
      <Filter>Source Files</Filter>
    </ClCompile>
    <ClCompile Include="STSplittor.cpp">
      <Filter>Source Files</Filter>
    </ClCompile>
    <ClCompile Include="TextFindDlg.cpp">
      <Filter>Source Files</Filter>
    </ClCompile>
    <ClCompile Include="TimeM.cpp">
      <Filter>Source Files</Filter>
    </ClCompile>
    <ClCompile Include="TimeMDoc.cpp">
      <Filter>Source Files</Filter>
    </ClCompile>
    <ClCompile Include="TitleCompare.cpp">
      <Filter>Source Files</Filter>
    </ClCompile>
    <ClCompile Include="TitleFile.cpp">
      <Filter>Source Files</Filter>
    </ClCompile>
    <ClCompile Include="TitleFilterDlg.cpp">
      <Filter>Source Files</Filter>
    </ClCompile>
    <ClCompile Include="TitleHelper.cpp">
      <Filter>Source Files</Filter>
    </ClCompile>
    <ClCompile Include="TitleListCtrl.cpp">
      <Filter>Source Files</Filter>
    </ClCompile>
    <ClCompile Include="TitleLView.cpp">
      <Filter>Source Files</Filter>
    </ClCompile>
    <ClCompile Include="TitleOptions.cpp">
      <Filter>Source Files</Filter>
    </ClCompile>
    <ClCompile Include="TitlePaneDlg.cpp">
      <Filter>Source Files</Filter>
    </ClCompile>
    <ClCompile Include="TitleParams.cpp">
      <Filter>Source Files</Filter>
    </ClCompile>
    <ClCompile Include="TitleRelation.cpp">
      <Filter>Source Files</Filter>
    </ClCompile>
    <ClCompile Include="TitleSplitorWnd.cpp">
      <Filter>Source Files</Filter>
    </ClCompile>
    <ClCompile Include="TitleTimeEdit.cpp">
      <Filter>Source Files</Filter>
    </ClCompile>
    <ClCompile Include="TMEdit.cpp">
      <Filter>Source Files</Filter>
    </ClCompile>
    <ClCompile Include="WmpImport\CWMPControls3.cpp">
      <Filter>WMPImport</Filter>
    </ClCompile>
    <ClCompile Include="WmpImport\CWMPEventDispatch.cpp">
      <Filter>WMPImport</Filter>
    </ClCompile>
    <ClCompile Include="WmpImport\CWMPMedia3.cpp">
      <Filter>WMPImport</Filter>
    </ClCompile>
    <ClCompile Include="WmpImport\CWMPPlayer4.cpp">
      <Filter>WMPImport</Filter>
    </ClCompile>
    <ClCompile Include="WmpImport\CWMPSettings2.cpp">
      <Filter>WMPImport</Filter>
    </ClCompile>
  </ItemGroup>
  <ItemGroup>
    <ClInclude Include="AboutDlg.h">
      <Filter>Header Files</Filter>
    </ClInclude>
    <ClInclude Include="ActionHelper.h">
      <Filter>Header Files</Filter>
    </ClInclude>
    <ClInclude Include="AnySplitTTDlg.h">
      <Filter>Header Files</Filter>
    </ClInclude>
    <ClInclude Include="CheckHdrCtrl.h">
      <Filter>Header Files</Filter>
    </ClInclude>
    <ClInclude Include="CheckListCtrl.h">
      <Filter>Header Files</Filter>
    </ClInclude>
    <ClInclude Include="CheckValidDlg.h">
      <Filter>Header Files</Filter>
    </ClInclude>
    <ClInclude Include="ChildFrm.h">
      <Filter>Header Files</Filter>
    </ClInclude>
    <ClInclude Include="ClrButton.h">
      <Filter>Header Files</Filter>
    </ClInclude>
    <ClInclude Include="ClrListCtrl.h">
      <Filter>Header Files</Filter>
    </ClInclude>
    <ClInclude Include="CombineFromToDlg.h">
      <Filter>Header Files</Filter>
    </ClInclude>
    <ClInclude Include="CombineTitleByTimeDlg.h">
      <Filter>Header Files</Filter>
    </ClInclude>
    <ClInclude Include="CombinTitleTransDlg.h">
      <Filter>Header Files</Filter>
    </ClInclude>
    <ClInclude Include="CompareTitleDlg.h">
      <Filter>Header Files</Filter>
    </ClInclude>
    <ClInclude Include="CompareTitleListCtrl.h">
      <Filter>Header Files</Filter>
    </ClInclude>
    <ClInclude Include="CPSelDlg.h">
      <Filter>Header Files</Filter>
    </ClInclude>
    <ClInclude Include="ExportOptionDlg.h">
      <Filter>Header Files</Filter>
    </ClInclude>
    <ClInclude Include="ImportOptionsDlg.h">
      <Filter>Header Files</Filter>
    </ClInclude>
    <ClInclude Include="InputExtraTimeDlg.h">
      <Filter>Header Files</Filter>
    </ClInclude>
    <ClInclude Include="InputTimeOffsetDlg.h">
      <Filter>Header Files</Filter>
    </ClInclude>
    <ClInclude Include="InsertCountDlg.h">
      <Filter>Header Files</Filter>
    </ClInclude>
    <ClInclude Include="InsertIntervalDlg.h">
      <Filter>Header Files</Filter>
    </ClInclude>
    <ClInclude Include="MainFrm.h">
      <Filter>Header Files</Filter>
    </ClInclude>
    <ClInclude Include="MinIntervalSettingDlg.h">
      <Filter>Header Files</Filter>
    </ClInclude>
    <ClInclude Include="MLListView.h">
      <Filter>Header Files</Filter>
    </ClInclude>
    <ClInclude Include="MsgUser.h">
      <Filter>Header Files</Filter>
    </ClInclude>
    <ClInclude Include="MultiReplaceDlg.h">
      <Filter>Header Files</Filter>
    </ClInclude>
    <ClInclude Include="PropertiesWnd.h">
      <Filter>Header Files</Filter>
    </ClInclude>
    <ClInclude Include="Resource.h">
      <Filter>Header Files</Filter>
    </ClInclude>
    <ClInclude Include="SaveOptionPage.h">
      <Filter>Header Files</Filter>
    </ClInclude>
    <ClInclude Include="ShortTaskPane.h">
      <Filter>Header Files</Filter>
    </ClInclude>
    <ClInclude Include="SplitNumDlg.h">
      <Filter>Header Files</Filter>
    </ClInclude>
    <ClInclude Include="SSASettings.h">
      <Filter>Header Files</Filter>
    </ClInclude>
    <ClInclude Include="StateTitleListCtrl.h">
      <Filter>Header Files</Filter>
    </ClInclude>
    <ClInclude Include="stdafx.h">
      <Filter>Header Files</Filter>
    </ClInclude>
    <ClInclude Include="STSplittor.h">
      <Filter>Header Files</Filter>
    </ClInclude>
    <ClInclude Include="targetver.h">
      <Filter>Header Files</Filter>
    </ClInclude>
    <ClInclude Include="TextFindDlg.h">
      <Filter>Header Files</Filter>
    </ClInclude>
    <ClInclude Include="TimeM.h">
      <Filter>Header Files</Filter>
    </ClInclude>
    <ClInclude Include="TimeMDoc.h">
      <Filter>Header Files</Filter>
    </ClInclude>
    <ClInclude Include="TitleCompare.h">
      <Filter>Header Files</Filter>
    </ClInclude>
    <ClInclude Include="TitleFile.h">
      <Filter>Header Files</Filter>
    </ClInclude>
    <ClInclude Include="TitleFilterDlg.h">
      <Filter>Header Files</Filter>
    </ClInclude>
    <ClInclude Include="TitleHelper.h">
      <Filter>Header Files</Filter>
    </ClInclude>
    <ClInclude Include="TitleListCtrl.h">
      <Filter>Header Files</Filter>
    </ClInclude>
    <ClInclude Include="TitleLView.h">
      <Filter>Header Files</Filter>
    </ClInclude>
    <ClInclude Include="TitleOptions.h">
      <Filter>Header Files</Filter>
    </ClInclude>
    <ClInclude Include="TitlePaneDlg.h">
      <Filter>Header Files</Filter>
    </ClInclude>
    <ClInclude Include="TitleParams.h">
      <Filter>Header Files</Filter>
    </ClInclude>
    <ClInclude Include="TitleRelation.h">
      <Filter>Header Files</Filter>
    </ClInclude>
    <ClInclude Include="TitleSplitorWnd.h">
      <Filter>Header Files</Filter>
    </ClInclude>
    <ClInclude Include="TitleTimeEdit.h">
      <Filter>Header Files</Filter>
    </ClInclude>
    <ClInclude Include="TitleUnit.h">
      <Filter>Header Files</Filter>
    </ClInclude>
    <ClInclude Include="TMEdit.h">
      <Filter>Header Files</Filter>
    </ClInclude>
    <ClInclude Include="WmpImport\CWMPControls3.h">
      <Filter>WMPImport</Filter>
    </ClInclude>
    <ClInclude Include="WmpImport\CWMPEventDispatch.h">
      <Filter>WMPImport</Filter>
    </ClInclude>
    <ClInclude Include="WmpImport\CWMPMedia3.h">
      <Filter>WMPImport</Filter>
    </ClInclude>
    <ClInclude Include="WmpImport\CWMPPlayer4.h">
      <Filter>WMPImport</Filter>
    </ClInclude>
    <ClInclude Include="WmpImport\CWMPSettings2.h">
      <Filter>WMPImport</Filter>
    </ClInclude>
  </ItemGroup>
  <ItemGroup>
    <Image Include="res\mainfram.bmp">
      <Filter>Resource Files</Filter>
    </Image>
    <Image Include="res\output_wnd.ico">
      <Filter>Resource Files</Filter>
    </Image>
    <Image Include="res\output_wnd_hc.ico">
      <Filter>Resource Files</Filter>
    </Image>
    <Image Include="res\properties_wnd.ico">
      <Filter>Resource Files</Filter>
    </Image>
    <Image Include="res\properties_wnd_hc.ico">
      <Filter>Resource Files</Filter>
    </Image>
    <Image Include="res\TaskIcons.bmp">
      <Filter>Resource Files</Filter>
    </Image>
    <Image Include="res\TimeM.ico">
      <Filter>Resource Files</Filter>
    </Image>
    <Image Include="res\TimeMDoc.ico">
      <Filter>Resource Files</Filter>
    </Image>
    <Image Include="res\TimeMLOGO.bmp">
      <Filter>Resource Files</Filter>
    </Image>
    <Image Include="res\TreeChk.bmp">
      <Filter>Resource Files</Filter>
    </Image>
    <Image Include="UserImages.bmp">
      <Filter>Resource Files</Filter>
    </Image>
  </ItemGroup>
  <ItemGroup>
    <ResourceCompile Include="TimeM.rc">
      <Filter>Resource Files</Filter>
    </ResourceCompile>
  </ItemGroup>
  <ItemGroup>
    <None Include="res\TimeM.rc2">
      <Filter>Resource Files</Filter>
    </None>
  </ItemGroup>
  <ItemGroup>
    <Text Include="ReadMe.txt" />
  </ItemGroup>
  <ItemGroup>
    <Manifest Include="TimeM.manifest" />
  </ItemGroup>
</Project>